
Microsoft Visual Studio Solution File, Format Version 12.00
# Visual Studio Version 17
VisualStudioVersion = 17.12.35514.174
MinimumVisualStudioVersion = 10.0.40219.1
Project("{FAE04EC0-301F-11D3-BF4B-00C04F79EFBC}") = "CineVault.DataAccessLayer", "CineVault.DataAccessLayer\CineVault.DataAccessLayer.csproj", "{550388BE-8651-45E1-8A32-A40C5FD20EB1}"
EndProject
Project("{2150E333-8FDC-42A3-9474-1A3956D46DE8}") = "DataAccessLayer", "DataAccessLayer", "{4D0EC3D4-1A21-4A6A-B5EE-8FB130F671DB}"
EndProject
Project("{FAE04EC0-301F-11D3-BF4B-00C04F79EFBC}") = "CineVault.DataAccessLayerTests", "CineVault.DataAccessLayerTests\CineVault.DataAccessLayerTests.csproj", "{31876169-F795-42F7-98A8-7F41BE9E5290}"
EndProject
Project("{2150E333-8FDC-42A3-9474-1A3956D46DE8}") = "BusinessLogicLayer", "BusinessLogicLayer", "{0E47EA07-D281-401E-AD78-3675F4990932}"
EndProject
Project("{FAE04EC0-301F-11D3-BF4B-00C04F79EFBC}") = "CineVault.BusinessLogic", "CineVault.BusinessLogic\CineVault.BusinessLogic.csproj", "{29F61C89-26B5-4059-81DB-85768D9BAAE4}"
EndProject
Project("{FAE04EC0-301F-11D3-BF4B-00C04F79EFBC}") = "CineVault.BusinessLogicTests", "CineVault.BusinessLogicTests\CineVault.BusinessLogicTests.csproj", "{F9BB68CB-4B1A-45B5-B97B-3A277FE734E1}"
EndProject
Project("{2150E333-8FDC-42A3-9474-1A3956D46DE8}") = "PresentationLayer", "PresentationLayer", "{82CC0356-C46D-484B-A802-1148C5051CAB}"
EndProject
Project("{FAE04EC0-301F-11D3-BF4B-00C04F79EFBC}") = "CineVault.MainProgram", "CineVault.MainProgram\CineVault.MainProgram.csproj", "{E4590E05-7CF1-43ED-9C4D-1857E378CC2A}"
EndProject
Project("{2150E333-8FDC-42A3-9474-1A3956D46DE8}") = "MainProgram", "MainProgram", "{4AA26F07-67A9-4696-ADF9-3802D7CC4D1B}"
EndProject
Project("{2150E333-8FDC-42A3-9474-1A3956D46DE8}") = "ModelLayer", "ModelLayer", "{C6D69EDC-49C1-46F4-A00B-93102F7C46B7}"
EndProject
Project("{FAE04EC0-301F-11D3-BF4B-00C04F79EFBC}") = "CineVault.ModelLayer", "CineVault.ModelLayer\CineVault.ModelLayer.csproj", "{DBCD14FA-6304-4C21-93C9-DBE29E01B421}"
EndProject
Project("{FAE04EC0-301F-11D3-BF4B-00C04F79EFBC}") = "CineVault.ModelLayerTests", "CineVault.ModelLayerTests\CineVault.ModelLayerTests.csproj", "{0322A9AC-8AC4-47AD-831E-05DC3D7146A9}"
EndProject
Project("{FAE04EC0-301F-11D3-BF4B-00C04F79EFBC}") = "CineVault.PresentationLayer.Website", "CineVault.PresentationLayor.Website\CineVault.PresentationLayer.Website.csproj", "{10F8C893-F6D7-4FFD-AF89-8EDDC7543805}"
EndProject
Global
	GlobalSection(SolutionConfigurationPlatforms) = preSolution
		Debug|Any CPU = Debug|Any CPU
		Release|Any CPU = Release|Any CPU
	EndGlobalSection
	GlobalSection(ProjectConfigurationPlatforms) = postSolution
		{550388BE-8651-45E1-8A32-A40C5FD20EB1}.Debug|Any CPU.ActiveCfg = Debug|Any CPU
		{550388BE-8651-45E1-8A32-A40C5FD20EB1}.Debug|Any CPU.Build.0 = Debug|Any CPU
		{550388BE-8651-45E1-8A32-A40C5FD20EB1}.Release|Any CPU.ActiveCfg = Release|Any CPU
		{550388BE-8651-45E1-8A32-A40C5FD20EB1}.Release|Any CPU.Build.0 = Release|Any CPU
		{31876169-F795-42F7-98A8-7F41BE9E5290}.Debug|Any CPU.ActiveCfg = Debug|Any CPU
		{31876169-F795-42F7-98A8-7F41BE9E5290}.Debug|Any CPU.Build.0 = Debug|Any CPU
		{31876169-F795-42F7-98A8-7F41BE9E5290}.Release|Any CPU.ActiveCfg = Release|Any CPU
		{31876169-F795-42F7-98A8-7F41BE9E5290}.Release|Any CPU.Build.0 = Release|Any CPU
		{29F61C89-26B5-4059-81DB-85768D9BAAE4}.Debug|Any CPU.ActiveCfg = Debug|Any CPU
		{29F61C89-26B5-4059-81DB-85768D9BAAE4}.Debug|Any CPU.Build.0 = Debug|Any CPU
		{29F61C89-26B5-4059-81DB-85768D9BAAE4}.Release|Any CPU.ActiveCfg = Release|Any CPU
		{29F61C89-26B5-4059-81DB-85768D9BAAE4}.Release|Any CPU.Build.0 = Release|Any CPU
		{F9BB68CB-4B1A-45B5-B97B-3A277FE734E1}.Debug|Any CPU.ActiveCfg = Debug|Any CPU
		{F9BB68CB-4B1A-45B5-B97B-3A277FE734E1}.Debug|Any CPU.Build.0 = Debug|Any CPU
		{F9BB68CB-4B1A-45B5-B97B-3A277FE734E1}.Release|Any CPU.ActiveCfg = Release|Any CPU
		{F9BB68CB-4B1A-45B5-B97B-3A277FE734E1}.Release|Any CPU.Build.0 = Release|Any CPU
		{E4590E05-7CF1-43ED-9C4D-1857E378CC2A}.Debug|Any CPU.ActiveCfg = Debug|Any CPU
		{E4590E05-7CF1-43ED-9C4D-1857E378CC2A}.Debug|Any CPU.Build.0 = Debug|Any CPU
		{E4590E05-7CF1-43ED-9C4D-1857E378CC2A}.Release|Any CPU.ActiveCfg = Release|Any CPU
		{E4590E05-7CF1-43ED-9C4D-1857E378CC2A}.Release|Any CPU.Build.0 = Release|Any CPU
		{DBCD14FA-6304-4C21-93C9-DBE29E01B421}.Debug|Any CPU.ActiveCfg = Debug|Any CPU
		{DBCD14FA-6304-4C21-93C9-DBE29E01B421}.Debug|Any CPU.Build.0 = Debug|Any CPU
		{DBCD14FA-6304-4C21-93C9-DBE29E01B421}.Release|Any CPU.ActiveCfg = Release|Any CPU
		{DBCD14FA-6304-4C21-93C9-DBE29E01B421}.Release|Any CPU.Build.0 = Release|Any CPU
		{0322A9AC-8AC4-47AD-831E-05DC3D7146A9}.Debug|Any CPU.ActiveCfg = Debug|Any CPU
		{0322A9AC-8AC4-47AD-831E-05DC3D7146A9}.Debug|Any CPU.Build.0 = Debug|Any CPU
		{0322A9AC-8AC4-47AD-831E-05DC3D7146A9}.Release|Any CPU.ActiveCfg = Release|Any CPU
		{0322A9AC-8AC4-47AD-831E-05DC3D7146A9}.Release|Any CPU.Build.0 = Release|Any CPU
		{10F8C893-F6D7-4FFD-AF89-8EDDC7543805}.Debug|Any CPU.ActiveCfg = Debug|Any CPU
		{10F8C893-F6D7-4FFD-AF89-8EDDC7543805}.Debug|Any CPU.Build.0 = Debug|Any CPU
		{10F8C893-F6D7-4FFD-AF89-8EDDC7543805}.Release|Any CPU.ActiveCfg = Release|Any CPU
		{10F8C893-F6D7-4FFD-AF89-8EDDC7543805}.Release|Any CPU.Build.0 = Release|Any CPU
	EndGlobalSection
	GlobalSection(SolutionProperties) = preSolution
		HideSolutionNode = FALSE
	EndGlobalSection
	GlobalSection(NestedProjects) = preSolution
		{550388BE-8651-45E1-8A32-A40C5FD20EB1} = {4D0EC3D4-1A21-4A6A-B5EE-8FB130F671DB}
		{31876169-F795-42F7-98A8-7F41BE9E5290} = {4D0EC3D4-1A21-4A6A-B5EE-8FB130F671DB}
		{29F61C89-26B5-4059-81DB-85768D9BAAE4} = {0E47EA07-D281-401E-AD78-3675F4990932}
		{F9BB68CB-4B1A-45B5-B97B-3A277FE734E1} = {0E47EA07-D281-401E-AD78-3675F4990932}
		{E4590E05-7CF1-43ED-9C4D-1857E378CC2A} = {4AA26F07-67A9-4696-ADF9-3802D7CC4D1B}
		{DBCD14FA-6304-4C21-93C9-DBE29E01B421} = {C6D69EDC-49C1-46F4-A00B-93102F7C46B7}
		{0322A9AC-8AC4-47AD-831E-05DC3D7146A9} = {C6D69EDC-49C1-46F4-A00B-93102F7C46B7}
		{10F8C893-F6D7-4FFD-AF89-8EDDC7543805} = {82CC0356-C46D-484B-A802-1148C5051CAB}
	EndGlobalSection
EndGlobal
